
Microsoft Visual Studio Solution File, Format Version 12.00
# Visual Studio Version 17
VisualStudioVersion = 17.0.31903.59
MinimumVisualStudioVersion = 10.0.40219.1
Project("{FAE04EC0-301F-11D3-BF4B-00C04F79EFBC}") = "API", "API\API.csproj", "{826F3ECE-44A2-4947-9BB8-02B829BBC7FB}"
EndProject
Project("{FAE04EC0-301F-11D3-BF4B-00C04F79EFBC}") = "Application", "Application\Application.csproj", "{F677E4BD-8E71-4790-8A86-110E8959C2D4}"
EndProject
Project("{FAE04EC0-301F-11D3-BF4B-00C04F79EFBC}") = "Domain", "Domain\Domain.csproj", "{B5D6E3C2-E639-498C-AEE5-DCB8D4AB6903}"
EndProject
Project("{FAE04EC0-301F-11D3-BF4B-00C04F79EFBC}") = "Persistence", "Persistence\Persistence.csproj", "{1B100985-EEC5-408B-A49E-286C0022D807}"
EndProject
Project("{FAE04EC0-301F-11D3-BF4B-00C04F79EFBC}") = "Infrastructure", "Infrastructure\Infrastructure.csproj", "{F2F4FE9D-3D97-44F7-A04D-62D6BB1A1B3F}"
EndProject
Global
	GlobalSection(SolutionConfigurationPlatforms) = preSolution
		Debug|Any CPU = Debug|Any CPU
		Release|Any CPU = Release|Any CPU
	EndGlobalSection
	GlobalSection(SolutionProperties) = preSolution
		HideSolutionNode = FALSE
	EndGlobalSection
	GlobalSection(ProjectConfigurationPlatforms) = postSolution
		{826F3ECE-44A2-4947-9BB8-02B829BBC7FB}.Debug|Any CPU.ActiveCfg = Debug|Any CPU
		{826F3ECE-44A2-4947-9BB8-02B829BBC7FB}.Debug|Any CPU.Build.0 = Debug|Any CPU
		{826F3ECE-44A2-4947-9BB8-02B829BBC7FB}.Release|Any CPU.ActiveCfg = Release|Any CPU
		{826F3ECE-44A2-4947-9BB8-02B829BBC7FB}.Release|Any CPU.Build.0 = Release|Any CPU
		{F677E4BD-8E71-4790-8A86-110E8959C2D4}.Debug|Any CPU.ActiveCfg = Debug|Any CPU
		{F677E4BD-8E71-4790-8A86-110E8959C2D4}.Debug|Any CPU.Build.0 = Debug|Any CPU
		{F677E4BD-8E71-4790-8A86-110E8959C2D4}.Release|Any CPU.ActiveCfg = Release|Any CPU
		{F677E4BD-8E71-4790-8A86-110E8959C2D4}.Release|Any CPU.Build.0 = Release|Any CPU
		{B5D6E3C2-E639-498C-AEE5-DCB8D4AB6903}.Debug|Any CPU.ActiveCfg = Debug|Any CPU
		{B5D6E3C2-E639-498C-AEE5-DCB8D4AB6903}.Debug|Any CPU.Build.0 = Debug|Any CPU
		{B5D6E3C2-E639-498C-AEE5-DCB8D4AB6903}.Release|Any CPU.ActiveCfg = Release|Any CPU
		{B5D6E3C2-E639-498C-AEE5-DCB8D4AB6903}.Release|Any CPU.Build.0 = Release|Any CPU
		{1B100985-EEC5-408B-A49E-286C0022D807}.Debug|Any CPU.ActiveCfg = Debug|Any CPU
		{1B100985-EEC5-408B-A49E-286C0022D807}.Debug|Any CPU.Build.0 = Debug|Any CPU
		{1B100985-EEC5-408B-A49E-286C0022D807}.Release|Any CPU.ActiveCfg = Release|Any CPU
		{1B100985-EEC5-408B-A49E-286C0022D807}.Release|Any CPU.Build.0 = Release|Any CPU
		{F2F4FE9D-3D97-44F7-A04D-62D6BB1A1B3F}.Debug|Any CPU.ActiveCfg = Debug|Any CPU
		{F2F4FE9D-3D97-44F7-A04D-62D6BB1A1B3F}.Debug|Any CPU.Build.0 = Debug|Any CPU
		{F2F4FE9D-3D97-44F7-A04D-62D6BB1A1B3F}.Release|Any CPU.ActiveCfg = Release|Any CPU
		{F2F4FE9D-3D97-44F7-A04D-62D6BB1A1B3F}.Release|Any CPU.Build.0 = Release|Any CPU
	EndGlobalSection
EndGlobal
